
Microsoft Visual Studio Solution File, Format Version 12.00
# Visual Studio Version 17
VisualStudioVersion = 17.5.33627.172
MinimumVisualStudioVersion = 10.0.40219.1
Project("{FAE04EC0-301F-11D3-BF4B-00C04F79EFBC}") = "VeterinarySystem", "VeterinarySystem.csproj", "{B2A27C95-9C2E-49A5-B3CE-D9E2EA6F39C2}"
EndProject
Global
	GlobalSection(SolutionConfigurationPlatforms) = preSolution
		Debug|Any CPU = Debug|Any CPU
		Release|Any CPU = Release|Any CPU
	EndGlobalSection
	GlobalSection(ProjectConfigurationPlatforms) = postSolution
		{B2A27C95-9C2E-49A5-B3CE-D9E2EA6F39C2}.Debug|Any CPU.ActiveCfg = Debug|Any CPU
		{B2A27C95-9C2E-49A5-B3CE-D9E2EA6F39C2}.Debug|Any CPU.Build.0 = Debug|Any CPU
		{B2A27C95-9C2E-49A5-B3CE-D9E2EA6F39C2}.Release|Any CPU.ActiveCfg = Release|Any CPU
		{B2A27C95-9C2E-49A5-B3CE-D9E2EA6F39C2}.Release|Any CPU.Build.0 = Release|Any CPU
	EndGlobalSection
	GlobalSection(SolutionProperties) = preSolution
		HideSolutionNode = FALSE
	EndGlobalSection
	GlobalSection(ExtensibilityGlobals) = postSolution
		SolutionGuid = {AD8C64A7-6DDA-4F0E-8979-B5C8115A2786}
	EndGlobalSection
EndGlobal
